
Microsoft Visual Studio Solution File, Format Version 12.00
# Visual Studio 15
VisualStudioVersion = 15.0.28307.757
MinimumVisualStudioVersion = 10.0.40219.1
Project("{FAE04EC0-301F-11D3-BF4B-00C04F79EFBC}") = "BinStorage", "BinStorage\BinStorage.csproj", "{D4C5F6A9-7989-40EA-8BBC-07B6E0FD8A47}"
EndProject
Project("{FAE04EC0-301F-11D3-BF4B-00C04F79EFBC}") = "BinStorage.TestApp", "BinStorage.TestApp\BinStorage.TestApp.csproj", "{B24D27D5-F06E-4405-8CEF-27380A7FB513}"
EndProject
Project("{FAE04EC0-301F-11D3-BF4B-00C04F79EFBC}") = "BinStorage.Test", "BinStorage.Test\BinStorage.Test.csproj", "{459DF8B8-407C-45F3-9F7A-ABD480A7356C}"
EndProject
Global
	GlobalSection(SolutionConfigurationPlatforms) = preSolution
		Debug|Any CPU = Debug|Any CPU
		Debug|Mixed Platforms = Debug|Mixed Platforms
		Release|Any CPU = Release|Any CPU
		Release|Mixed Platforms = Release|Mixed Platforms
	EndGlobalSection
	GlobalSection(ProjectConfigurationPlatforms) = postSolution
		{D4C5F6A9-7989-40EA-8BBC-07B6E0FD8A47}.Debug|Any CPU.ActiveCfg = Debug|Any CPU
		{D4C5F6A9-7989-40EA-8BBC-07B6E0FD8A47}.Debug|Any CPU.Build.0 = Debug|Any CPU
		{D4C5F6A9-7989-40EA-8BBC-07B6E0FD8A47}.Debug|Mixed Platforms.ActiveCfg = Debug|Any CPU
		{D4C5F6A9-7989-40EA-8BBC-07B6E0FD8A47}.Debug|Mixed Platforms.Build.0 = Debug|Any CPU
		{D4C5F6A9-7989-40EA-8BBC-07B6E0FD8A47}.Release|Any CPU.ActiveCfg = Release|Any CPU
		{D4C5F6A9-7989-40EA-8BBC-07B6E0FD8A47}.Release|Any CPU.Build.0 = Release|Any CPU
		{D4C5F6A9-7989-40EA-8BBC-07B6E0FD8A47}.Release|Mixed Platforms.ActiveCfg = Release|Any CPU
		{D4C5F6A9-7989-40EA-8BBC-07B6E0FD8A47}.Release|Mixed Platforms.Build.0 = Release|Any CPU
		{B24D27D5-F06E-4405-8CEF-27380A7FB513}.Debug|Any CPU.ActiveCfg = Debug|x86
		{B24D27D5-F06E-4405-8CEF-27380A7FB513}.Debug|Mixed Platforms.ActiveCfg = Debug|x86
		{B24D27D5-F06E-4405-8CEF-27380A7FB513}.Debug|Mixed Platforms.Build.0 = Debug|x86
		{B24D27D5-F06E-4405-8CEF-27380A7FB513}.Release|Any CPU.ActiveCfg = Release|x86
		{B24D27D5-F06E-4405-8CEF-27380A7FB513}.Release|Mixed Platforms.ActiveCfg = Release|x86
		{B24D27D5-F06E-4405-8CEF-27380A7FB513}.Release|Mixed Platforms.Build.0 = Release|x86
		{459DF8B8-407C-45F3-9F7A-ABD480A7356C}.Debug|Any CPU.ActiveCfg = Debug|Any CPU
		{459DF8B8-407C-45F3-9F7A-ABD480A7356C}.Debug|Any CPU.Build.0 = Debug|Any CPU
		{459DF8B8-407C-45F3-9F7A-ABD480A7356C}.Debug|Mixed Platforms.ActiveCfg = Debug|Any CPU
		{459DF8B8-407C-45F3-9F7A-ABD480A7356C}.Debug|Mixed Platforms.Build.0 = Debug|Any CPU
		{459DF8B8-407C-45F3-9F7A-ABD480A7356C}.Release|Any CPU.ActiveCfg = Release|Any CPU
		{459DF8B8-407C-45F3-9F7A-ABD480A7356C}.Release|Any CPU.Build.0 = Release|Any CPU
		{459DF8B8-407C-45F3-9F7A-ABD480A7356C}.Release|Mixed Platforms.ActiveCfg = Release|Any CPU
		{459DF8B8-407C-45F3-9F7A-ABD480A7356C}.Release|Mixed Platforms.Build.0 = Release|Any CPU
	EndGlobalSection
	GlobalSection(SolutionProperties) = preSolution
		HideSolutionNode = FALSE
	EndGlobalSection
	GlobalSection(ExtensibilityGlobals) = postSolution
		SolutionGuid = {50506020-5E43-42BE-9654-A082F0B7CF90}
	EndGlobalSection
EndGlobal
